
Microsoft Visual Studio Solution File, Format Version 12.00
# Visual Studio Version 16
VisualStudioVersion = 16.0.30406.217
MinimumVisualStudioVersion = 10.0.40219.1
Project("{FAE04EC0-301F-11D3-BF4B-00C04F79EFBC}") = "az104containerapp", "az104containerapp\az104containerapp.csproj", "{FB4E998A-9F9E-4FD4-9CB7-C10374FD26EE}"
EndProject
Global
	GlobalSection(SolutionConfigurationPlatforms) = preSolution
		Debug|Any CPU = Debug|Any CPU
		Release|Any CPU = Release|Any CPU
	EndGlobalSection
	GlobalSection(ProjectConfigurationPlatforms) = postSolution
		{FB4E998A-9F9E-4FD4-9CB7-C10374FD26EE}.Debug|Any CPU.ActiveCfg = Debug|Any CPU
		{FB4E998A-9F9E-4FD4-9CB7-C10374FD26EE}.Debug|Any CPU.Build.0 = Debug|Any CPU
		{FB4E998A-9F9E-4FD4-9CB7-C10374FD26EE}.Release|Any CPU.ActiveCfg = Release|Any CPU
		{FB4E998A-9F9E-4FD4-9CB7-C10374FD26EE}.Release|Any CPU.Build.0 = Release|Any CPU
	EndGlobalSection
	GlobalSection(SolutionProperties) = preSolution
		HideSolutionNode = FALSE
	EndGlobalSection
	GlobalSection(ExtensibilityGlobals) = postSolution
		SolutionGuid = {634FD41F-C20B-44C9-80B6-ABD6C0B9CC15}
	EndGlobalSection
EndGlobal
